// !$*UTF8*$!
{
	archiveVersion = 1;
	classes = {
	};
	objectVersion = 56;
	objects = {

/* Begin PBXBuildFile section */
		D55F3B0D2D032EE00026EF79 /* iBlinkApp.swift in Sources */ = {isa = PBXBuildFile; fileRef = D55F3B0C2D032EE00026EF79 /* iBlinkApp.swift */; };
		D55F3B0F2D032EE00026EF79 /* ContentView.swift in Sources */ = {isa = PBXBuildFile; fileRef = D55F3B0E2D032EE00026EF79 /* ContentView.swift */; };
		D55F3B112D032EE40026EF79 /* Assets.xcassets in Resources */ = {isa = PBXBuildFile; fileRef = D55F3B102D032EE40026EF79 /* Assets.xcassets */; };
		D55F3B142D032EE40026EF79 /* Preview Assets.xcassets in Resources */ = {isa = PBXBuildFile; fileRef = D55F3B132D032EE40026EF79 /* Preview Assets.xcassets */; };
		D55F3B162D032EE40026EF79 /* Persistence.swift in Sources */ = {isa = PBXBuildFile; fileRef = D55F3B152D032EE40026EF79 /* Persistence.swift */; };
		D55F3B192D032EE40026EF79 /* iBlink.xcdatamodeld in Sources */ = {isa = PBXBuildFile; fileRef = D55F3B172D032EE40026EF79 /* iBlink.xcdatamodeld */; };
		D55F3B232D032EE50026EF79 /* iBlinkTests.swift in Sources */ = {isa = PBXBuildFile; fileRef = D55F3B222D032EE50026EF79 /* iBlinkTests.swift */; };
		D55F3B2D2D032EE50026EF79 /* iBlinkUITests.swift in Sources */ = {isa = PBXBuildFile; fileRef = D55F3B2C2D032EE50026EF79 /* iBlinkUITests.swift */; };
		D55F3B2F2D032EE50026EF79 /* iBlinkUITestsLaunchTests.swift in Sources */ = {isa = PBXBuildFile; fileRef = D55F3B2E2D032EE50026EF79 /* iBlinkUITestsLaunchTests.swift */; };
		D55F3B422D03307C0026EF79 /* PersistenceController.swift in Sources */ = {isa = PBXBuildFile; fileRef = D55F3B412D03307C0026EF79 /* PersistenceController.swift */; };
		D55F3B442D0330B20026EF79 /* TaskEntity.swift in Sources */ = {isa = PBXBuildFile; fileRef = D55F3B432D0330B20026EF79 /* TaskEntity.swift */; };
		D55F3B462D0330CE0026EF79 /* TaskViewModel.swift in Sources */ = {isa = PBXBuildFile; fileRef = D55F3B452D0330CE0026EF79 /* TaskViewModel.swift */; };
		D55F3B482D0330E80026EF79 /* TaskWidget.swift in Sources */ = {isa = PBXBuildFile; fileRef = D55F3B472D0330E80026EF79 /* TaskWidget.swift */; };
		D55F3B4B2D0331000026EF79 /* LocalizableEN.strings in Resources */ = {isa = PBXBuildFile; fileRef = D55F3B492D0331000026EF79 /* LocalizableEN.strings */; };
		D55F3B4E2D0331660026EF79 /* LocalizableSP.strings in Resources */ = {isa = PBXBuildFile; fileRef = D55F3B4C2D0331660026EF79 /* LocalizableSP.strings */; };
		D55F3B512D0331710026EF79 /* LocalizableCA.strings in Resources */ = {isa = PBXBuildFile; fileRef = D55F3B4F2D0331710026EF79 /* LocalizableCA.strings */; };
/* End PBXBuildFile section */

/* Begin PBXContainerItemProxy section */
		D55F3B1F2D032EE50026EF79 /* PBXContainerItemProxy */ = {
			isa = PBXContainerItemProxy;
			containerPortal = D55F3B012D032EE00026EF79 /* Project object */;
			proxyType = 1;
			remoteGlobalIDString = D55F3B082D032EE00026EF79;
			remoteInfo = iBlink;
		};
		D55F3B292D032EE50026EF79 /* PBXContainerItemProxy */ = {
			isa = PBXContainerItemProxy;
			containerPortal = D55F3B012D032EE00026EF79 /* Project object */;
			proxyType = 1;
			remoteGlobalIDString = D55F3B082D032EE00026EF79;
			remoteInfo = iBlink;
		};
/* End PBXContainerItemProxy section */

/* Begin PBXFileReference section */
		D55F3B092D032EE00026EF79 /* iBlink.app */ = {isa = PBXFileReference; explicitFileType = wrapper.application; includeInIndex = 0; path = iBlink.app; sourceTree = BUILT_PRODUCTS_DIR; };
		D55F3B0C2D032EE00026EF79 /* iBlinkApp.swift */ = {isa = PBXFileReference; lastKnownFileType = sourcecode.swift; path = iBlinkApp.swift; sourceTree = "<group>"; };
		D55F3B0E2D032EE00026EF79 /* ContentView.swift */ = {isa = PBXFileReference; lastKnownFileType = sourcecode.swift; path = ContentView.swift; sourceTree = "<group>"; };
		D55F3B102D032EE40026EF79 /* Assets.xcassets */ = {isa = PBXFileReference; lastKnownFileType = folder.assetcatalog; path = Assets.xcassets; sourceTree = "<group>"; };
		D55F3B132D032EE40026EF79 /* Preview Assets.xcassets */ = {isa = PBXFileReference; lastKnownFileType = folder.assetcatalog; path = "Preview Assets.xcassets"; sourceTree = "<group>"; };
		D55F3B152D032EE40026EF79 /* Persistence.swift */ = {isa = PBXFileReference; lastKnownFileType = sourcecode.swift; path = Persistence.swift; sourceTree = "<group>"; };
		D55F3B182D032EE40026EF79 /* iBlink.xcdatamodel */ = {isa = PBXFileReference; lastKnownFileType = wrapper.xcdatamodel; path = iBlink.xcdatamodel; sourceTree = "<group>"; };
		D55F3B1E2D032EE50026EF79 /* iBlinkTests.xctest */ = {isa = PBXFileReference; explicitFileType = wrapper.cfbundle; includeInIndex = 0; path = iBlinkTests.xctest; sourceTree = BUILT_PRODUCTS_DIR; };
		D55F3B222D032EE50026EF79 /* iBlinkTests.swift */ = {isa = PBXFileReference; lastKnownFileType = sourcecode.swift; path = iBlinkTests.swift; sourceTree = "<group>"; };
		D55F3B282D032EE50026EF79 /* iBlinkUITests.xctest */ = {isa = PBXFileReference; explicitFileType = wrapper.cfbundle; includeInIndex = 0; path = iBlinkUITests.xctest; sourceTree = BUILT_PRODUCTS_DIR; };
		D55F3B2C2D032EE50026EF79 /* iBlinkUITests.swift */ = {isa = PBXFileReference; lastKnownFileType = sourcecode.swift; path = iBlinkUITests.swift; sourceTree = "<group>"; };
		D55F3B2E2D032EE50026EF79 /* iBlinkUITestsLaunchTests.swift */ = {isa = PBXFileReference; lastKnownFileType = sourcecode.swift; path = iBlinkUITestsLaunchTests.swift; sourceTree = "<group>"; };
		D55F3B412D03307C0026EF79 /* PersistenceController.swift */ = {isa = PBXFileReference; lastKnownFileType = sourcecode.swift; path = PersistenceController.swift; sourceTree = "<group>"; };
		D55F3B432D0330B20026EF79 /* TaskEntity.swift */ = {isa = PBXFileReference; lastKnownFileType = sourcecode.swift; path = TaskEntity.swift; sourceTree = "<group>"; };
		D55F3B452D0330CE0026EF79 /* TaskViewModel.swift */ = {isa = PBXFileReference; lastKnownFileType = sourcecode.swift; path = TaskViewModel.swift; sourceTree = "<group>"; };
		D55F3B472D0330E80026EF79 /* TaskWidget.swift */ = {isa = PBXFileReference; lastKnownFileType = sourcecode.swift; path = TaskWidget.swift; sourceTree = "<group>"; };
		D55F3B4A2D0331000026EF79 /* en */ = {isa = PBXFileReference; lastKnownFileType = text.plist.strings; name = en; path = en.lproj/LocalizableEN.strings; sourceTree = "<group>"; };
		D55F3B522D03317D0026EF79 /* ca */ = {isa = PBXFileReference; lastKnownFileType = text.plist.strings; name = ca; path = ca.lproj/LocalizableCA.strings; sourceTree = "<group>"; };
		D55F3B532D03318B0026EF79 /* es */ = {isa = PBXFileReference; lastKnownFileType = text.plist.strings; name = es; path = es.lproj/LocalizableSP.strings; sourceTree = "<group>"; };
/* End PBXFileReference section */

/* Begin PBXFrameworksBuildPhase section */
		D55F3B062D032EE00026EF79 /* Frameworks */ = {
			isa = PBXFrameworksBuildPhase;
			buildActionMask = 2147483647;
			files = (
			);
			runOnlyForDeploymentPostprocessing = 0;
		};
		D55F3B1B2D032EE50026EF79 /* Frameworks */ = {
			isa = PBXFrameworksBuildPhase;
			buildActionMask = 2147483647;
			files = (
			);
			runOnlyForDeploymentPostprocessing = 0;
		};
		D55F3B252D032EE50026EF79 /* Frameworks */ = {
			isa = PBXFrameworksBuildPhase;
			buildActionMask = 2147483647;
			files = (
			);
			runOnlyForDeploymentPostprocessing = 0;
		};
/* End PBXFrameworksBuildPhase section */

/* Begin PBXGroup section */
		D55F3B002D032EE00026EF79 = {
			isa = PBXGroup;
			children = (
				D55F3B0B2D032EE00026EF79 /* iBlink */,
				D55F3B212D032EE50026EF79 /* iBlinkTests */,
				D55F3B2B2D032EE50026EF79 /* iBlinkUITests */,
				D55F3B0A2D032EE00026EF79 /* Products */,
			);
			sourceTree = "<group>";
		};
		D55F3B0A2D032EE00026EF79 /* Products */ = {
			isa = PBXGroup;
			children = (
				D55F3B092D032EE00026EF79 /* iBlink.app */,
				D55F3B1E2D032EE50026EF79 /* iBlinkTests.xctest */,
				D55F3B282D032EE50026EF79 /* iBlinkUITests.xctest */,
			);
			name = Products;
			sourceTree = "<group>";
		};
		D55F3B0B2D032EE00026EF79 /* iBlink */ = {
			isa = PBXGroup;
			children = (
				D55F3B402D03305B0026EF79 /* Resources */,
				D55F3B3F2D0330540026EF79 /* Widgets */,
				D55F3B3E2D0330480026EF79 /* ViewModels */,
				D55F3B3D2D0330410026EF79 /* Views */,
				D55F3B3C2D03302B0026EF79 /* Models */,
				D55F3B3B2D03301B0026EF79 /* App */,
				D55F3B102D032EE40026EF79 /* Assets.xcassets */,
				D55F3B152D032EE40026EF79 /* Persistence.swift */,
				D55F3B172D032EE40026EF79 /* iBlink.xcdatamodeld */,
				D55F3B122D032EE40026EF79 /* Preview Content */,
			);
			path = iBlink;
			sourceTree = "<group>";
		};
		D55F3B122D032EE40026EF79 /* Preview Content */ = {
			isa = PBXGroup;
			children = (
				D55F3B132D032EE40026EF79 /* Preview Assets.xcassets */,
			);
			path = "Preview Content";
			sourceTree = "<group>";
		};
		D55F3B212D032EE50026EF79 /* iBlinkTests */ = {
			isa = PBXGroup;
			children = (
				D55F3B222D032EE50026EF79 /* iBlinkTests.swift */,
			);
			path = iBlinkTests;
			sourceTree = "<group>";
		};
		D55F3B2B2D032EE50026EF79 /* iBlinkUITests */ = {
			isa = PBXGroup;
			children = (
				D55F3B2C2D032EE50026EF79 /* iBlinkUITests.swift */,
				D55F3B2E2D032EE50026EF79 /* iBlinkUITestsLaunchTests.swift */,
			);
			path = iBlinkUITests;
			sourceTree = "<group>";
		};
		D55F3B3B2D03301B0026EF79 /* App */ = {
			isa = PBXGroup;
			children = (
				D55F3B0C2D032EE00026EF79 /* iBlinkApp.swift */,
				D55F3B412D03307C0026EF79 /* PersistenceController.swift */,
			);
			path = App;
			sourceTree = "<group>";
		};
		D55F3B3C2D03302B0026EF79 /* Models */ = {
			isa = PBXGroup;
			children = (
				D55F3B432D0330B20026EF79 /* TaskEntity.swift */,
			);
			path = Models;
			sourceTree = "<group>";
		};
		D55F3B3D2D0330410026EF79 /* Views */ = {
			isa = PBXGroup;
			children = (
				D55F3B0E2D032EE00026EF79 /* ContentView.swift */,
			);
			path = Views;
			sourceTree = "<group>";
		};
		D55F3B3E2D0330480026EF79 /* ViewModels */ = {
			isa = PBXGroup;
			children = (
				D55F3B452D0330CE0026EF79 /* TaskViewModel.swift */,
			);
			path = ViewModels;
			sourceTree = "<group>";
		};
		D55F3B3F2D0330540026EF79 /* Widgets */ = {
			isa = PBXGroup;
			children = (
				D55F3B472D0330E80026EF79 /* TaskWidget.swift */,
			);
			path = Widgets;
			sourceTree = "<group>";
		};
		D55F3B402D03305B0026EF79 /* Resources */ = {
			isa = PBXGroup;
			children = (
				D55F3B492D0331000026EF79 /* LocalizableEN.strings */,
				D55F3B4C2D0331660026EF79 /* LocalizableSP.strings */,
				D55F3B4F2D0331710026EF79 /* LocalizableCA.strings */,
			);
			path = Resources;
			sourceTree = "<group>";
		};
/* End PBXGroup section */

/* Begin PBXNativeTarget section */
		D55F3B082D032EE00026EF79 /* iBlink */ = {
			isa = PBXNativeTarget;
			buildConfigurationList = D55F3B322D032EE50026EF79 /* Build configuration list for PBXNativeTarget "iBlink" */;
			buildPhases = (
				D55F3B052D032EE00026EF79 /* Sources */,
				D55F3B062D032EE00026EF79 /* Frameworks */,
				D55F3B072D032EE00026EF79 /* Resources */,
			);
			buildRules = (
			);
			dependencies = (
			);
			name = iBlink;
			productName = iBlink;
			productReference = D55F3B092D032EE00026EF79 /* iBlink.app */;
			productType = "com.apple.product-type.application";
		};
		D55F3B1D2D032EE50026EF79 /* iBlinkTests */ = {
			isa = PBXNativeTarget;
			buildConfigurationList = D55F3B352D032EE50026EF79 /* Build configuration list for PBXNativeTarget "iBlinkTests" */;
			buildPhases = (
				D55F3B1A2D032EE50026EF79 /* Sources */,
				D55F3B1B2D032EE50026EF79 /* Frameworks */,
				D55F3B1C2D032EE50026EF79 /* Resources */,
			);
			buildRules = (
			);
			dependencies = (
				D55F3B202D032EE50026EF79 /* PBXTargetDependency */,
			);
			name = iBlinkTests;
			productName = iBlinkTests;
			productReference = D55F3B1E2D032EE50026EF79 /* iBlinkTests.xctest */;
			productType = "com.apple.product-type.bundle.unit-test";
		};
		D55F3B272D032EE50026EF79 /* iBlinkUITests */ = {
			isa = PBXNativeTarget;
			buildConfigurationList = D55F3B382D032EE50026EF79 /* Build configuration list for PBXNativeTarget "iBlinkUITests" */;
			buildPhases = (
				D55F3B242D032EE50026EF79 /* Sources */,
				D55F3B252D032EE50026EF79 /* Frameworks */,
				D55F3B262D032EE50026EF79 /* Resources */,
			);
			buildRules = (
			);
			dependencies = (
				D55F3B2A2D032EE50026EF79 /* PBXTargetDependency */,
			);
			name = iBlinkUITests;
			productName = iBlinkUITests;
			productReference = D55F3B282D032EE50026EF79 /* iBlinkUITests.xctest */;
			productType = "com.apple.product-type.bundle.ui-testing";
		};
/* End PBXNativeTarget section */

/* Begin PBXProject section */
		D55F3B012D032EE00026EF79 /* Project object */ = {
			isa = PBXProject;
			attributes = {
				BuildIndependentTargetsInParallel = 1;
				LastSwiftUpdateCheck = 1530;
				LastUpgradeCheck = 1530;
				TargetAttributes = {
					D55F3B082D032EE00026EF79 = {
						CreatedOnToolsVersion = 15.3;
					};
					D55F3B1D2D032EE50026EF79 = {
						CreatedOnToolsVersion = 15.3;
						TestTargetID = D55F3B082D032EE00026EF79;
					};
					D55F3B272D032EE50026EF79 = {
						CreatedOnToolsVersion = 15.3;
						TestTargetID = D55F3B082D032EE00026EF79;
					};
				};
			};
			buildConfigurationList = D55F3B042D032EE00026EF79 /* Build configuration list for PBXProject "iBlink" */;
			compatibilityVersion = "Xcode 14.0";
			developmentRegion = en;
			hasScannedForEncodings = 0;
			knownRegions = (
				en,
				ca,
				es,
			);
			mainGroup = D55F3B002D032EE00026EF79;
			productRefGroup = D55F3B0A2D032EE00026EF79 /* Products */;
			projectDirPath = "";
			projectRoot = "";
			targets = (
				D55F3B082D032EE00026EF79 /* iBlink */,
				D55F3B1D2D032EE50026EF79 /* iBlinkTests */,
				D55F3B272D032EE50026EF79 /* iBlinkUITests */,
			);
		};
/* End PBXProject section */

/* Begin PBXResourcesBuildPhase section */
		D55F3B072D032EE00026EF79 /* Resources */ = {
			isa = PBXResourcesBuildPhase;
			buildActionMask = 2147483647;
			files = (
				D55F3B142D032EE40026EF79 /* Preview Assets.xcassets in Resources */,
				D55F3B4B2D0331000026EF79 /* LocalizableEN.strings in Resources */,
				D55F3B4E2D0331660026EF79 /* LocalizableSP.strings in Resources */,
				D55F3B512D0331710026EF79 /* LocalizableCA.strings in Resources */,
				D55F3B112D032EE40026EF79 /* Assets.xcassets in Resources */,
			);
			runOnlyForDeploymentPostprocessing = 0;
		};
		D55F3B1C2D032EE50026EF79 /* Resources */ = {
			isa = PBXResourcesBuildPhase;
			buildActionMask = 2147483647;
			files = (
			);
			runOnlyForDeploymentPostprocessing = 0;
		};
		D55F3B262D032EE50026EF79 /* Resources */ = {
			isa = PBXResourcesBuildPhase;
			buildActionMask = 2147483647;
			files = (
			);
			runOnlyForDeploymentPostprocessing = 0;
		};
/* End PBXResourcesBuildPhase section */

/* Begin PBXSourcesBuildPhase section */
		D55F3B052D032EE00026EF79 /* Sources */ = {
			isa = PBXSourcesBuildPhase;
			buildActionMask = 2147483647;
			files = (
				D55F3B192D032EE40026EF79 /* iBlink.xcdatamodeld in Sources */,
				D55F3B462D0330CE0026EF79 /* TaskViewModel.swift in Sources */,
				D55F3B482D0330E80026EF79 /* TaskWidget.swift in Sources */,
				D55F3B162D032EE40026EF79 /* Persistence.swift in Sources */,
				D55F3B0F2D032EE00026EF79 /* ContentView.swift in Sources */,
				D55F3B442D0330B20026EF79 /* TaskEntity.swift in Sources */,
				D55F3B0D2D032EE00026EF79 /* iBlinkApp.swift in Sources */,
				D55F3B422D03307C0026EF79 /* PersistenceController.swift in Sources */,
			);
			runOnlyForDeploymentPostprocessing = 0;
		};
		D55F3B1A2D032EE50026EF79 /* Sources */ = {
			isa = PBXSourcesBuildPhase;
			buildActionMask = 2147483647;
			files = (
				D55F3B232D032EE50026EF79 /* iBlinkTests.swift in Sources */,
			);
			runOnlyForDeploymentPostprocessing = 0;
		};
		D55F3B242D032EE50026EF79 /* Sources */ = {
			isa = PBXSourcesBuildPhase;
			buildActionMask = 2147483647;
			files = (
				D55F3B2D2D032EE50026EF79 /* iBlinkUITests.swift in Sources */,
				D55F3B2F2D032EE50026EF79 /* iBlinkUITestsLaunchTests.swift in Sources */,
			);
			runOnlyForDeploymentPostprocessing = 0;
		};
/* End PBXSourcesBuildPhase section */

/* Begin PBXTargetDependency section */
		D55F3B202D032EE50026EF79 /* PBXTargetDependency */ = {
			isa = PBXTargetDependency;
			target = D55F3B082D032EE00026EF79 /* iBlink */;
			targetProxy = D55F3B1F2D032EE50026EF79 /* PBXContainerItemProxy */;
		};
		D55F3B2A2D032EE50026EF79 /* PBXTargetDependency */ = {
			isa = PBXTargetDependency;
			target = D55F3B082D032EE00026EF79 /* iBlink */;
			targetProxy = D55F3B292D032EE50026EF79 /* PBXContainerItemProxy */;
		};
/* End PBXTargetDependency section */

/* Begin PBXVariantGroup section */
		D55F3B492D0331000026EF79 /* LocalizableEN.strings */ = {
			isa = PBXVariantGroup;
			children = (
				D55F3B4A2D0331000026EF79 /* en */,
			);
			name = LocalizableEN.strings;
			sourceTree = "<group>";
		};
		D55F3B4C2D0331660026EF79 /* LocalizableSP.strings */ = {
			isa = PBXVariantGroup;
			children = (
				D55F3B532D03318B0026EF79 /* es */,
			);
			name = LocalizableSP.strings;
			sourceTree = "<group>";
		};
		D55F3B4F2D0331710026EF79 /* LocalizableCA.strings */ = {
			isa = PBXVariantGroup;
			children = (
				D55F3B522D03317D0026EF79 /* ca */,
			);
			name = LocalizableCA.strings;
			sourceTree = "<group>";
		};
/* End PBXVariantGroup section */

/* Begin XCBuildConfiguration section */
		D55F3B302D032EE50026EF79 /* Debug */ = {
			isa = XCBuildConfiguration;
			buildSettings = {
				ALWAYS_SEARCH_USER_PATHS = NO;
				ASSETCATALOG_COMPILER_GENERATE_SWIFT_ASSET_SYMBOL_EXTENSIONS = YES;
				CLANG_ANALYZER_LOCALIZABILITY_NONLOCALIZED = YES;
				CLANG_ANALYZER_NONNULL = YES;
				CLANG_ANALYZER_NUMBER_OBJECT_CONVERSION = YES_AGGRESSIVE;
				CLANG_CXX_LANGUAGE_STANDARD = "gnu++20";
				CLANG_ENABLE_MODULES = YES;
				CLANG_ENABLE_OBJC_ARC = YES;
				CLANG_ENABLE_OBJC_WEAK = YES;
				CLANG_WARN_BLOCK_CAPTURE_AUTORELEASING = YES;
				CLANG_WARN_BOOL_CONVERSION = YES;
				CLANG_WARN_COMMA = YES;
				CLANG_WARN_CONSTANT_CONVERSION = YES;
				CLANG_WARN_DEPRECATED_OBJC_IMPLEMENTATIONS = YES;
				CLANG_WARN_DIRECT_OBJC_ISA_USAGE = YES_ERROR;
				CLANG_WARN_DOCUMENTATION_COMMENTS = YES;
				CLANG_WARN_EMPTY_BODY = YES;
				CLANG_WARN_ENUM_CONVERSION = YES;
				CLANG_WARN_INFINITE_RECURSION = YES;
				CLANG_WARN_INT_CONVERSION = YES;
				CLANG_WARN_NON_LITERAL_NULL_CONVERSION = YES;
				CLANG_WARN_OBJC_IMPLICIT_RETAIN_SELF = YES;
				CLANG_WARN_OBJC_LITERAL_CONVERSION = YES;
				CLANG_WARN_OBJC_ROOT_CLASS = YES_ERROR;
				CLANG_WARN_QUOTED_INCLUDE_IN_FRAMEWORK_HEADER = YES;
				CLANG_WARN_RANGE_LOOP_ANALYSIS = YES;
				CLANG_WARN_STRICT_PROTOTYPES = YES;
				CLANG_WARN_SUSPICIOUS_MOVE = YES;
				CLANG_WARN_UNGUARDED_AVAILABILITY = YES_AGGRESSIVE;
				CLANG_WARN_UNREACHABLE_CODE = YES;
				CLANG_WARN__DUPLICATE_METHOD_MATCH = YES;
				COPY_PHASE_STRIP = NO;
				DEBUG_INFORMATION_FORMAT = dwarf;
				ENABLE_STRICT_OBJC_MSGSEND = YES;
				ENABLE_TESTABILITY = YES;
				ENABLE_USER_SCRIPT_SANDBOXING = YES;
				GCC_C_LANGUAGE_STANDARD = gnu17;
				GCC_DYNAMIC_NO_PIC = NO;
				GCC_NO_COMMON_BLOCKS = YES;
				GCC_OPTIMIZATION_LEVEL = 0;
				GCC_PREPROCESSOR_DEFINITIONS = (
					"DEBUG=1",
					"$(inherited)",
				);
				GCC_WARN_64_TO_32_BIT_CONVERSION = YES;
				GCC_WARN_ABOUT_RETURN_TYPE = YES_ERROR;
				GCC_WARN_UNDECLARED_SELECTOR = YES;
				GCC_WARN_UNINITIALIZED_AUTOS = YES_AGGRESSIVE;
				GCC_WARN_UNUSED_FUNCTION = YES;
				GCC_WARN_UNUSED_VARIABLE = YES;
				IPHONEOS_DEPLOYMENT_TARGET = 17.4;
				LOCALIZATION_PREFERS_STRING_CATALOGS = YES;
				MTL_ENABLE_DEBUG_INFO = INCLUDE_SOURCE;
				MTL_FAST_MATH = YES;
				ONLY_ACTIVE_ARCH = YES;
				SDKROOT = iphoneos;
				SWIFT_ACTIVE_COMPILATION_CONDITIONS = "DEBUG $(inherited)";
				SWIFT_OPTIMIZATION_LEVEL = "-Onone";
			};
			name = Debug;
		};
		D55F3B312D032EE50026EF79 /* Release */ = {
			isa = XCBuildConfiguration;
			buildSettings = {
				ALWAYS_SEARCH_USER_PATHS = NO;
				ASSETCATALOG_COMPILER_GENERATE_SWIFT_ASSET_SYMBOL_EXTENSIONS = YES;
				CLANG_ANALYZER_LOCALIZABILITY_NONLOCALIZED = YES;
				CLANG_ANALYZER_NONNULL = YES;
				CLANG_ANALYZER_NUMBER_OBJECT_CONVERSION = YES_AGGRESSIVE;
				CLANG_CXX_LANGUAGE_STANDARD = "gnu++20";
				CLANG_ENABLE_MODULES = YES;
				CLANG_ENABLE_OBJC_ARC = YES;
				CLANG_ENABLE_OBJC_WEAK = YES;
				CLANG_WARN_BLOCK_CAPTURE_AUTORELEASING = YES;
				CLANG_WARN_BOOL_CONVERSION = YES;
				CLANG_WARN_COMMA = YES;
				CLANG_WARN_CONSTANT_CONVERSION = YES;
				CLANG_WARN_DEPRECATED_OBJC_IMPLEMENTATIONS = YES;
				CLANG_WARN_DIRECT_OBJC_ISA_USAGE = YES_ERROR;
				CLANG_WARN_DOCUMENTATION_COMMENTS = YES;
				CLANG_WARN_EMPTY_BODY = YES;
				CLANG_WARN_ENUM_CONVERSION = YES;
				CLANG_WARN_INFINITE_RECURSION = YES;
				CLANG_WARN_INT_CONVERSION = YES;
				CLANG_WARN_NON_LITERAL_NULL_CONVERSION = YES;
				CLANG_WARN_OBJC_IMPLICIT_RETAIN_SELF = YES;
				CLANG_WARN_OBJC_LITERAL_CONVERSION = YES;
				CLANG_WARN_OBJC_ROOT_CLASS = YES_ERROR;
				CLANG_WARN_QUOTED_INCLUDE_IN_FRAMEWORK_HEADER = YES;
				CLANG_WARN_RANGE_LOOP_ANALYSIS = YES;
				CLANG_WARN_STRICT_PROTOTYPES = YES;
				CLANG_WARN_SUSPICIOUS_MOVE = YES;
				CLANG_WARN_UNGUARDED_AVAILABILITY = YES_AGGRESSIVE;
				CLANG_WARN_UNREACHABLE_CODE = YES;
				CLANG_WARN__DUPLICATE_METHOD_MATCH = YES;
				COPY_PHASE_STRIP = NO;
				DEBUG_INFORMATION_FORMAT = "dwarf-with-dsym";
				ENABLE_NS_ASSERTIONS = NO;
				ENABLE_STRICT_OBJC_MSGSEND = YES;
				ENABLE_USER_SCRIPT_SANDBOXING = YES;
				GCC_C_LANGUAGE_STANDARD = gnu17;
				GCC_NO_COMMON_BLOCKS = YES;
				GCC_WARN_64_TO_32_BIT_CONVERSION = YES;
				GCC_WARN_ABOUT_RETURN_TYPE = YES_ERROR;
				GCC_WARN_UNDECLARED_SELECTOR = YES;
				GCC_WARN_UNINITIALIZED_AUTOS = YES_AGGRESSIVE;
				GCC_WARN_UNUSED_FUNCTION = YES;
				GCC_WARN_UNUSED_VARIABLE = YES;
				IPHONEOS_DEPLOYMENT_TARGET = 17.4;
				LOCALIZATION_PREFERS_STRING_CATALOGS = YES;
				MTL_ENABLE_DEBUG_INFO = NO;
				MTL_FAST_MATH = YES;
				SDKROOT = iphoneos;
				SWIFT_COMPILATION_MODE = wholemodule;
				VALIDATE_PRODUCT = YES;
			};
			name = Release;
		};
		D55F3B332D032EE50026EF79 /* Debug */ = {
			isa = XCBuildConfiguration;
			buildSettings = {
				ASSETCATALOG_COMPILER_APPICON_NAME = AppIcon;
				ASSETCATALOG_COMPILER_GLOBAL_ACCENT_COLOR_NAME = AccentColor;
				CODE_SIGN_STYLE = Automatic;
				CURRENT_PROJECT_VERSION = 1;
				DEVELOPMENT_ASSET_PATHS = "\"iBlink/Preview Content\"";
				DEVELOPMENT_TEAM = MC6765MN7S;
				ENABLE_PREVIEWS = YES;
				GENERATE_INFOPLIST_FILE = YES;
				INFOPLIST_KEY_UIApplicationSceneManifest_Generation = YES;
				INFOPLIST_KEY_UIApplicationSupportsIndirectInputEvents = YES;
				INFOPLIST_KEY_UILaunchScreen_Generation = YES;
				INFOPLIST_KEY_UISupportedInterfaceOrientations_iPad = "UIInterfaceOrientationPortrait UIInterfaceOrientationPortraitUpsideDown UIInterfaceOrientationLandscapeLeft UIInterfaceOrientationLandscapeRight";
				INFOPLIST_KEY_UISupportedInterfaceOrientations_iPhone = "UIInterfaceOrientationPortrait UIInterfaceOrientationLandscapeLeft UIInterfaceOrientationLandscapeRight";
				LD_RUNPATH_SEARCH_PATHS = (
					"$(inherited)",
					"@executable_path/Frameworks",
				);
				MARKETING_VERSION = 1.0;
				PRODUCT_BUNDLE_IDENTIFIER = GSR.iBlink;
				PRODUCT_NAME = "$(TARGET_NAME)";
				SWIFT_EMIT_LOC_STRINGS = YES;
				SWIFT_VERSION = 5.0;
				TARGETED_DEVICE_FAMILY = "1,2";
			};
			name = Debug;
		};
		D55F3B342D032EE50026EF79 /* Release */ = {
			isa = XCBuildConfiguration;
			buildSettings = {
				ASSETCATALOG_COMPILER_APPICON_NAME = AppIcon;
				ASSETCATALOG_COMPILER_GLOBAL_ACCENT_COLOR_NAME = AccentColor;
				CODE_SIGN_STYLE = Automatic;
				CURRENT_PROJECT_VERSION = 1;
				DEVELOPMENT_ASSET_PATHS = "\"iBlink/Preview Content\"";
				DEVELOPMENT_TEAM = MC6765MN7S;
				ENABLE_PREVIEWS = YES;
				GENERATE_INFOPLIST_FILE = YES;
				INFOPLIST_KEY_UIApplicationSceneManifest_Generation = YES;
				INFOPLIST_KEY_UIApplicationSupportsIndirectInputEvents = YES;
				INFOPLIST_KEY_UILaunchScreen_Generation = YES;
				INFOPLIST_KEY_UISupportedInterfaceOrientations_iPad = "UIInterfaceOrientationPortrait UIInterfaceOrientationPortraitUpsideDown UIInterfaceOrientationLandscapeLeft UIInterfaceOrientationLandscapeRight";
				INFOPLIST_KEY_UISupportedInterfaceOrientations_iPhone = "UIInterfaceOrientationPortrait UIInterfaceOrientationLandscapeLeft UIInterfaceOrientationLandscapeRight";
				LD_RUNPATH_SEARCH_PATHS = (
					"$(inherited)",
					"@executable_path/Frameworks",
				);
				MARKETING_VERSION = 1.0;
				PRODUCT_BUNDLE_IDENTIFIER = GSR.iBlink;
				PRODUCT_NAME = "$(TARGET_NAME)";
				SWIFT_EMIT_LOC_STRINGS = YES;
				SWIFT_VERSION = 5.0;
				TARGETED_DEVICE_FAMILY = "1,2";
			};
			name = Release;
		};
		D55F3B362D032EE50026EF79 /* Debug */ = {
			isa = XCBuildConfiguration;
			buildSettings = {
				ALWAYS_EMBED_SWIFT_STANDARD_LIBRARIES = YES;
				BUNDLE_LOADER = "$(TEST_HOST)";
				CODE_SIGN_STYLE = Automatic;
				CURRENT_PROJECT_VERSION = 1;
				DEVELOPMENT_TEAM = MC6765MN7S;
				GENERATE_INFOPLIST_FILE = YES;
				IPHONEOS_DEPLOYMENT_TARGET = 17.4;
				MARKETING_VERSION = 1.0;
				PRODUCT_BUNDLE_IDENTIFIER = GSR.iBlinkTests;
				PRODUCT_NAME = "$(TARGET_NAME)";
				SWIFT_EMIT_LOC_STRINGS = NO;
				SWIFT_VERSION = 5.0;
				TARGETED_DEVICE_FAMILY = "1,2";
				TEST_HOST = "$(BUILT_PRODUCTS_DIR)/iBlink.app/$(BUNDLE_EXECUTABLE_FOLDER_PATH)/iBlink";
			};
			name = Debug;
		};
		D55F3B372D032EE50026EF79 /* Release */ = {
			isa = XCBuildConfiguration;
			buildSettings = {
				ALWAYS_EMBED_SWIFT_STANDARD_LIBRARIES = YES;
				BUNDLE_LOADER = "$(TEST_HOST)";
				CODE_SIGN_STYLE = Automatic;
				CURRENT_PROJECT_VERSION = 1;
				DEVELOPMENT_TEAM = MC6765MN7S;
				GENERATE_INFOPLIST_FILE = YES;
				IPHONEOS_DEPLOYMENT_TARGET = 17.4;
				MARKETING_VERSION = 1.0;
				PRODUCT_BUNDLE_IDENTIFIER = GSR.iBlinkTests;
				PRODUCT_NAME = "$(TARGET_NAME)";
				SWIFT_EMIT_LOC_STRINGS = NO;
				SWIFT_VERSION = 5.0;
				TARGETED_DEVICE_FAMILY = "1,2";
				TEST_HOST = "$(BUILT_PRODUCTS_DIR)/iBlink.app/$(BUNDLE_EXECUTABLE_FOLDER_PATH)/iBlink";
			};
			name = Release;
		};
		D55F3B392D032EE50026EF79 /* Debug */ = {
			isa = XCBuildConfiguration;
			buildSettings = {
				ALWAYS_EMBED_SWIFT_STANDARD_LIBRARIES = YES;
				CODE_SIGN_STYLE = Automatic;
				CURRENT_PROJECT_VERSION = 1;
				DEVELOPMENT_TEAM = MC6765MN7S;
				GENERATE_INFOPLIST_FILE = YES;
				MARKETING_VERSION = 1.0;
				PRODUCT_BUNDLE_IDENTIFIER = GSR.iBlinkUITests;
				PRODUCT_NAME = "$(TARGET_NAME)";
				SWIFT_EMIT_LOC_STRINGS = NO;
				SWIFT_VERSION = 5.0;
				TARGETED_DEVICE_FAMILY = "1,2";
				TEST_TARGET_NAME = iBlink;
			};
			name = Debug;
		};
		D55F3B3A2D032EE50026EF79 /* Release */ = {
			isa = XCBuildConfiguration;
			buildSettings = {
				ALWAYS_EMBED_SWIFT_STANDARD_LIBRARIES = YES;
				CODE_SIGN_STYLE = Automatic;
				CURRENT_PROJECT_VERSION = 1;
				DEVELOPMENT_TEAM = MC6765MN7S;
				GENERATE_INFOPLIST_FILE = YES;
				MARKETING_VERSION = 1.0;
				PRODUCT_BUNDLE_IDENTIFIER = GSR.iBlinkUITests;
				PRODUCT_NAME = "$(TARGET_NAME)";
				SWIFT_EMIT_LOC_STRINGS = NO;
				SWIFT_VERSION = 5.0;
				TARGETED_DEVICE_FAMILY = "1,2";
				TEST_TARGET_NAME = iBlink;
			};
			name = Release;
		};
/* End XCBuildConfiguration section */

/* Begin XCConfigurationList section */
		D55F3B042D032EE00026EF79 /* Build configuration list for PBXProject "iBlink" */ = {
			isa = XCConfigurationList;
			buildConfigurations = (
				D55F3B302D032EE50026EF79 /* Debug */,
				D55F3B312D032EE50026EF79 /* Release */,
			);
			defaultConfigurationIsVisible = 0;
			defaultConfigurationName = Release;
		};
		D55F3B322D032EE50026EF79 /* Build configuration list for PBXNativeTarget "iBlink" */ = {
			isa = XCConfigurationList;
			buildConfigurations = (
				D55F3B332D032EE50026EF79 /* Debug */,
				D55F3B342D032EE50026EF79 /* Release */,
			);
			defaultConfigurationIsVisible = 0;
			defaultConfigurationName = Release;
		};
		D55F3B352D032EE50026EF79 /* Build configuration list for PBXNativeTarget "iBlinkTests" */ = {
			isa = XCConfigurationList;
			buildConfigurations = (
				D55F3B362D032EE50026EF79 /* Debug */,
				D55F3B372D032EE50026EF79 /* Release */,
			);
			defaultConfigurationIsVisible = 0;
			defaultConfigurationName = Release;
		};
		D55F3B382D032EE50026EF79 /* Build configuration list for PBXNativeTarget "iBlinkUITests" */ = {
			isa = XCConfigurationList;
			buildConfigurations = (
				D55F3B392D032EE50026EF79 /* Debug */,
				D55F3B3A2D032EE50026EF79 /* Release */,
			);
			defaultConfigurationIsVisible = 0;
			defaultConfigurationName = Release;
		};
/* End XCConfigurationList section */

/* Begin XCVersionGroup section */
		D55F3B172D032EE40026EF79 /* iBlink.xcdatamodeld */ = {
			isa = XCVersionGroup;
			children = (
				D55F3B182D032EE40026EF79 /* iBlink.xcdatamodel */,
			);
			currentVersion = D55F3B182D032EE40026EF79 /* iBlink.xcdatamodel */;
			path = iBlink.xcdatamodeld;
			sourceTree = "<group>";
			versionGroupType = wrapper.xcdatamodel;
		};
/* End XCVersionGroup section */
	};
	rootObject = D55F3B012D032EE00026EF79 /* Project object */;
}
